{
  "name": "01_rs_playwright_js",
  "version": "1.0.0",
  "lockfileVersion": 2,
  "requires": true,
  "packages": {
    "": {
      "name": "01_rs_playwright_js",
      "version": "1.0.0",
      "license": "ISC",
      "devDependencies": {
        "@playwright/test": "^1.60.0",
        "allure-commandline": "^2.42.0",
        "allure-playwright": "^2.0.0-beta.16",
        "dotenv": "^17.4.2",
        "otplib": "^13.4.1"
      }
    },
    "node_modules/@noble/hashes": {
      "version": "2.2.0",
      "resolved": "https://registry.npmjs.org/@noble/hashes/-/hashes-2.2.0.tgz",
      "integrity": "sha512-IYqDGiTXab6FniAgnSdZwgWbomxpy9FtYvLKs7wCUs2a8RkITG+DFGO1DM9cr+E3/RgADRpFjrKVaJ1z6sjtEg==",
      "dev": true,
      "license": "MIT",
      "engines": {
        "node": ">= 20.19.0"
      },
      "funding": {
        "url": "https://paulmillr.com/funding/"
      }
    },
    "node_modules/@otplib/core": {
      "version": "13.4.1",
      "resolved": "https://registry.npmjs.org/@otplib/core/-/core-13.4.1.tgz",
      "integrity": "sha512-KIXgK1hNtWJEBMTastbe1bpmuais+3f+ATeO8TkMs2rNkfGO1FbQy8+/UWVEu3TR/iTJerU0idkPudaPmLP2BA==",
      "dev": true,
      "license": "MIT"
    },
    "node_modules/@otplib/hotp": {
      "version": "13.4.1",
      "resolved": "https://registry.npmjs.org/@otplib/hotp/-/hotp-13.4.1.tgz",
      "integrity": "sha512-g9q04SwpG5ZtMnVkUcgcoAlwCH4YLROZN1qhyBwgkBzqYYVSYhpP6gSGaxGHwePLt1c+e6NqDlgIZN+e1/XPuA==",
      "dev": true,
      "license": "MIT",
      "dependencies": {
        "@otplib/core": "13.4.1",
        "@otplib/uri": "13.4.1"
      }
    },
    "node_modules/@otplib/plugin-base32-scure": {
      "version": "13.4.1",
      "resolved": "https://registry.npmjs.org/@otplib/plugin-base32-scure/-/plugin-base32-scure-13.4.1.tgz",
      "integrity": "sha512-Fs/r5qisC05SRhT6xWXaypB6PVC0vgWf6zztmi0J5RnQ09OJiPDWCJFH6cDm6ANsrdvB9di7X+Jb7L13BoEbUA==",
      "dev": true,
      "license": "MIT",
      "dependencies": {
        "@otplib/core": "13.4.1",
        "@scure/base": "^2.2.0"
      }
    },
    "node_modules/@otplib/plugin-crypto-noble": {
      "version": "13.4.1",
      "resolved": "https://registry.npmjs.org/@otplib/plugin-crypto-noble/-/plugin-crypto-noble-13.4.1.tgz",
      "integrity": "sha512-PJfVW8/1hdS6CfxLheKPZSLTwDq4TijZbN4yRjxlv0ODdzmxpM+wGwWr1JXMdy0xJPxLziydQD5gdVqrR4/gAg==",
      "dev": true,
      "license": "MIT",
      "dependencies": {
        "@noble/hashes": "^2.2.0",
        "@otplib/core": "13.4.1"
      }
    },
    "node_modules/@otplib/totp": {
      "version": "13.4.1",
      "resolved": "https://registry.npmjs.org/@otplib/totp/-/totp-13.4.1.tgz",
      "integrity": "sha512-QOkBVPrf6AM4qZaReZPSk9/I8ATVdZpIISJz115MqeVtcrbcr5llPZ0J7804tpnjnp1vCRkI5Qjd47HhgVteBQ==",
      "dev": true,
      "license": "MIT",
      "dependencies": {
        "@otplib/core": "13.4.1",
        "@otplib/hotp": "13.4.1",
        "@otplib/uri": "13.4.1"
      }
    },
    "node_modules/@otplib/uri": {
      "version": "13.4.1",
      "resolved": "https://registry.npmjs.org/@otplib/uri/-/uri-13.4.1.tgz",
      "integrity": "sha512-xaIm7bvICMhoB2rZIR5luiaMdssWR5nY5nXnR1fdezUgZuEO58D6zrGzLp7pQuBmlpmL0HagnscDQFoskp9yiA==",
      "dev": true,
      "license": "MIT",
      "dependencies": {
        "@otplib/core": "13.4.1"
      }
    },
    "node_modules/@playwright/test": {
      "version": "1.60.0",
      "resolved": "https://registry.npmjs.org/@playwright/test/-/test-1.60.0.tgz",
      "integrity": "sha512-O71yZIbAh/PxDMNGns37GHBIfrVkEVyn+AXyIa5dOTfb4/xNvRWV+Vv/NMbNCtODB/pO7vLlF2OTmMVLhmr7Ag==",
      "dev": true,
      "license": "Apache-2.0",
      "dependencies": {
        "playwright": "1.60.0"
      },
      "bin": {
        "playwright": "cli.js"
      },
      "engines": {
        "node": ">=18"
      }
    },
    "node_modules/@scure/base": {
      "version": "2.2.0",
      "resolved": "https://registry.npmjs.org/@scure/base/-/base-2.2.0.tgz",
      "integrity": "sha512-b8XEupJibegiXV+tDUseI8oLQc8ei3d/4Jkb2RpbHh3MfE054ov3uIz2dhFkB3FI8iwYkEh0gGCApkrYggkPNg==",
      "dev": true,
      "license": "MIT",
      "funding": {
        "url": "https://paulmillr.com/funding/"
      }
    },
    "node_modules/allure-commandline": {
      "version": "2.42.0",
      "resolved": "https://registry.npmjs.org/allure-commandline/-/allure-commandline-2.42.0.tgz",
      "integrity": "sha512-MLBxpoyZqcunRK+Jx0zvswxs1M7qr4hCu2oaBTHx1QTR2iEZt78Qyzqf+cQHsx1fKhWWfPiNFmbS0cj6Qv6AXQ==",
      "dev": true,
      "license": "Apache-2.0",
      "bin": {
        "allure": "bin/allure"
      }
    },
    "node_modules/allure-js-commons": {
      "version": "2.0.0-beta.16",
      "resolved": "https://registry.npmjs.org/allure-js-commons/-/allure-js-commons-2.0.0-beta.16.tgz",
      "integrity": "sha512-biAFm8FugPMA0THZpsWLdi+F8n1BeUTYkkpmQ4ZqUAKeg2xcw5arM0Qa4rq6Qs0HPLbdVS9Jj8fb7e/ahCr/Ig==",
      "dev": true,
      "dependencies": {
        "mkdirp": "^1.0.4",
        "properties": "^1.2.1",
        "uuid": "^8.3.0"
      }
    },
    "node_modules/allure-playwright": {
      "version": "2.0.0-beta.16",
      "resolved": "https://registry.npmjs.org/allure-playwright/-/allure-playwright-2.0.0-beta.16.tgz",
      "integrity": "sha512-0Nj2BLIIRFUCZn7CGSXYa7d1M+phmSzUwMD3fbHVxO+q10vNrY8Hf5IT2ITwWMtUHaTAE6uH58GPsa6DB9N3Xw==",
      "dev": true,
      "dependencies": {
        "allure-js-commons": "2.0.0-beta.16"
      }
    },
    "node_modules/dotenv": {
      "version": "17.4.2",
      "resolved": "https://registry.npmjs.org/dotenv/-/dotenv-17.4.2.tgz",
      "integrity": "sha512-nI4U3TottKAcAD9LLud4Cb7b2QztQMUEfHbvhTH09bqXTxnSie8WnjPALV/WMCrJZ6UV/qHJ6L03OqO3LcdYZw==",
      "dev": true,
      "license": "BSD-2-Clause",
      "engines": {
        "node": ">=12"
      },
      "funding": {
        "url": "https://dotenvx.com"
      }
    },
    "node_modules/fsevents": {
      "version": "2.3.2",
      "resolved": "https://registry.npmjs.org/fsevents/-/fsevents-2.3.2.tgz",
      "integrity": "sha512-xiqMQR4xAeHTuB9uWm+fFRcIOgKBMiOBP+eXiyT7jsgVCq1bkVygt00oASowB7EdtpOHaaPgKt812P9ab+DDKA==",
      "dev": true,
      "hasInstallScript": true,
      "license": "MIT",
      "optional": true,
      "os": [
        "darwin"
      ],
      "engines": {
        "node": "^8.16.0 || ^10.6.0 || >=11.0.0"
      }
    },
    "node_modules/mkdirp": {
      "version": "1.0.4",
      "resolved": "https://registry.npmjs.org/mkdirp/-/mkdirp-1.0.4.tgz",
      "integrity": "sha512-vVqVZQyf3WLx2Shd0qJ9xuvqgAyKPLAiqITEtqW0oIUjzo3PePDd6fW9iFz30ef7Ysp/oiWqbhszeGWW2T6Gzw==",
      "dev": true,
      "bin": {
        "mkdirp": "bin/cmd.js"
      },
      "engines": {
        "node": ">=10"
      }
    },
    "node_modules/otplib": {
      "version": "13.4.1",
      "resolved": "https://registry.npmjs.org/otplib/-/otplib-13.4.1.tgz",
      "integrity": "sha512-o5CxfDw6bh7hoDv0NUUIcc0RqzJ9ipfUrzeKheKJ+vs4rXZnDlA9n4a/7R1cDjpmLjKLix4BgNVRmoDkm5rLSQ==",
      "dev": true,
      "license": "MIT",
      "dependencies": {
        "@otplib/core": "13.4.1",
        "@otplib/hotp": "13.4.1",
        "@otplib/plugin-base32-scure": "13.4.1",
        "@otplib/plugin-crypto-noble": "13.4.1",
        "@otplib/totp": "13.4.1",
        "@otplib/uri": "13.4.1"
      }
    },
    "node_modules/playwright": {
      "version": "1.60.0",
      "resolved": "https://registry.npmjs.org/playwright/-/playwright-1.60.0.tgz",
      "integrity": "sha512-hheHdokM8cdqCb0lcE3s+zT4t4W+vvjpGxsZlDnikarzx8tSzMebh3UiFtgqwFwnTnjYQcsyMF8ei2mCO/tpeA==",
      "dev": true,
      "license": "Apache-2.0",
      "dependencies": {
        "playwright-core": "1.60.0"
      },
      "bin": {
        "playwright": "cli.js"
      },
      "engines": {
        "node": ">=18"
      },
      "optionalDependencies": {
        "fsevents": "2.3.2"
      }
    },
    "node_modules/playwright-core": {
      "version": "1.60.0",
      "resolved": "https://registry.npmjs.org/playwright-core/-/playwright-core-1.60.0.tgz",
      "integrity": "sha512-9bW6zvX/m0lEbgTKJ6YppOKx8H3VOPBMOCFh2irXFOT4BbHgrx5hPjwJYLT40Lu+4qtD36qKc/Hn56StUW57IA==",
      "dev": true,
      "license": "Apache-2.0",
      "bin": {
        "playwright-core": "cli.js"
      },
      "engines": {
        "node": ">=18"
      }
    },
    "node_modules/properties": {
      "version": "1.2.1",
      "resolved": "https://registry.npmjs.org/properties/-/properties-1.2.1.tgz",
      "integrity": "sha1-Dul6f8AgsaKlW4ZZ7aSqjYaQlL0=",
      "dev": true,
      "engines": {
        "node": ">=0.10"
      }
    },
    "node_modules/uuid": {
      "version": "8.3.2",
      "resolved": "https://registry.npmjs.org/uuid/-/uuid-8.3.2.tgz",
      "integrity": "sha512-+NYs2QeMWy+GWFOEm9xnn6HCDp0l7QBD7ml8zLUmJ+93Q5NF0NocErnwkTkXVFNiX3/fpC6afS8Dhb/gz7R7eg==",
      "dev": true,
      "bin": {
        "uuid": "dist/bin/uuid"
      }
    }
  },
  "dependencies": {
    "@noble/hashes": {
      "version": "2.2.0",
      "resolved": "https://registry.npmjs.org/@noble/hashes/-/hashes-2.2.0.tgz",
      "integrity": "sha512-IYqDGiTXab6FniAgnSdZwgWbomxpy9FtYvLKs7wCUs2a8RkITG+DFGO1DM9cr+E3/RgADRpFjrKVaJ1z6sjtEg==",
      "dev": true
    },
    "@otplib/core": {
      "version": "13.4.1",
      "resolved": "https://registry.npmjs.org/@otplib/core/-/core-13.4.1.tgz",
      "integrity": "sha512-KIXgK1hNtWJEBMTastbe1bpmuais+3f+ATeO8TkMs2rNkfGO1FbQy8+/UWVEu3TR/iTJerU0idkPudaPmLP2BA==",
      "dev": true
    },
    "@otplib/hotp": {
      "version": "13.4.1",
      "resolved": "https://registry.npmjs.org/@otplib/hotp/-/hotp-13.4.1.tgz",
      "integrity": "sha512-g9q04SwpG5ZtMnVkUcgcoAlwCH4YLROZN1qhyBwgkBzqYYVSYhpP6gSGaxGHwePLt1c+e6NqDlgIZN+e1/XPuA==",
      "dev": true,
      "requires": {
        "@otplib/core": "13.4.1",
        "@otplib/uri": "13.4.1"
      }
    },
    "@otplib/plugin-base32-scure": {
      "version": "13.4.1",
      "resolved": "https://registry.npmjs.org/@otplib/plugin-base32-scure/-/plugin-base32-scure-13.4.1.tgz",
      "integrity": "sha512-Fs/r5qisC05SRhT6xWXaypB6PVC0vgWf6zztmi0J5RnQ09OJiPDWCJFH6cDm6ANsrdvB9di7X+Jb7L13BoEbUA==",
      "dev": true,
      "requires": {
        "@otplib/core": "13.4.1",
        "@scure/base": "^2.2.0"
      }
    },
    "@otplib/plugin-crypto-noble": {
      "version": "13.4.1",
      "resolved": "https://registry.npmjs.org/@otplib/plugin-crypto-noble/-/plugin-crypto-noble-13.4.1.tgz",
      "integrity": "sha512-PJfVW8/1hdS6CfxLheKPZSLTwDq4TijZbN4yRjxlv0ODdzmxpM+wGwWr1JXMdy0xJPxLziydQD5gdVqrR4/gAg==",
      "dev": true,
      "requires": {
        "@noble/hashes": "^2.2.0",
        "@otplib/core": "13.4.1"
      }
    },
    "@otplib/totp": {
      "version": "13.4.1",
      "resolved": "https://registry.npmjs.org/@otplib/totp/-/totp-13.4.1.tgz",
      "integrity": "sha512-QOkBVPrf6AM4qZaReZPSk9/I8ATVdZpIISJz115MqeVtcrbcr5llPZ0J7804tpnjnp1vCRkI5Qjd47HhgVteBQ==",
      "dev": true,
      "requires": {
        "@otplib/core": "13.4.1",
        "@otplib/hotp": "13.4.1",
        "@otplib/uri": "13.4.1"
      }
    },
    "@otplib/uri": {
      "version": "13.4.1",
      "resolved": "https://registry.npmjs.org/@otplib/uri/-/uri-13.4.1.tgz",
      "integrity": "sha512-xaIm7bvICMhoB2rZIR5luiaMdssWR5nY5nXnR1fdezUgZuEO58D6zrGzLp7pQuBmlpmL0HagnscDQFoskp9yiA==",
      "dev": true,
      "requires": {
        "@otplib/core": "13.4.1"
      }
    },
    "@playwright/test": {
      "version": "1.60.0",
      "resolved": "https://registry.npmjs.org/@playwright/test/-/test-1.60.0.tgz",
      "integrity": "sha512-O71yZIbAh/PxDMNGns37GHBIfrVkEVyn+AXyIa5dOTfb4/xNvRWV+Vv/NMbNCtODB/pO7vLlF2OTmMVLhmr7Ag==",
      "dev": true,
      "requires": {
        "playwright": "1.60.0"
      }
    },
    "@scure/base": {
      "version": "2.2.0",
      "resolved": "https://registry.npmjs.org/@scure/base/-/base-2.2.0.tgz",
      "integrity": "sha512-b8XEupJibegiXV+tDUseI8oLQc8ei3d/4Jkb2RpbHh3MfE054ov3uIz2dhFkB3FI8iwYkEh0gGCApkrYggkPNg==",
      "dev": true
    },
    "allure-commandline": {
      "version": "2.42.0",
      "resolved": "https://registry.npmjs.org/allure-commandline/-/allure-commandline-2.42.0.tgz",
      "integrity": "sha512-MLBxpoyZqcunRK+Jx0zvswxs1M7qr4hCu2oaBTHx1QTR2iEZt78Qyzqf+cQHsx1fKhWWfPiNFmbS0cj6Qv6AXQ==",
      "dev": true
    },
    "allure-js-commons": {
      "version": "2.0.0-beta.16",
      "resolved": "https://registry.npmjs.org/allure-js-commons/-/allure-js-commons-2.0.0-beta.16.tgz",
      "integrity": "sha512-biAFm8FugPMA0THZpsWLdi+F8n1BeUTYkkpmQ4ZqUAKeg2xcw5arM0Qa4rq6Qs0HPLbdVS9Jj8fb7e/ahCr/Ig==",
      "dev": true,
      "requires": {
        "mkdirp": "^1.0.4",
        "properties": "^1.2.1",
        "uuid": "^8.3.0"
      }
    },
    "allure-playwright": {
      "version": "2.0.0-beta.16",
      "resolved": "https://registry.npmjs.org/allure-playwright/-/allure-playwright-2.0.0-beta.16.tgz",
      "integrity": "sha512-0Nj2BLIIRFUCZn7CGSXYa7d1M+phmSzUwMD3fbHVxO+q10vNrY8Hf5IT2ITwWMtUHaTAE6uH58GPsa6DB9N3Xw==",
      "dev": true,
      "requires": {
        "allure-js-commons": "2.0.0-beta.16"
      }
    },
    "dotenv": {
      "version": "17.4.2",
      "resolved": "https://registry.npmjs.org/dotenv/-/dotenv-17.4.2.tgz",
      "integrity": "sha512-nI4U3TottKAcAD9LLud4Cb7b2QztQMUEfHbvhTH09bqXTxnSie8WnjPALV/WMCrJZ6UV/qHJ6L03OqO3LcdYZw==",
      "dev": true
    },
    "fsevents": {
      "version": "2.3.2",
      "resolved": "https://registry.npmjs.org/fsevents/-/fsevents-2.3.2.tgz",
      "integrity": "sha512-xiqMQR4xAeHTuB9uWm+fFRcIOgKBMiOBP+eXiyT7jsgVCq1bkVygt00oASowB7EdtpOHaaPgKt812P9ab+DDKA==",
      "dev": true,
      "optional": true
    },
    "mkdirp": {
      "version": "1.0.4",
      "resolved": "https://registry.npmjs.org/mkdirp/-/mkdirp-1.0.4.tgz",
      "integrity": "sha512-vVqVZQyf3WLx2Shd0qJ9xuvqgAyKPLAiqITEtqW0oIUjzo3PePDd6fW9iFz30ef7Ysp/oiWqbhszeGWW2T6Gzw==",
      "dev": true
    },
    "otplib": {
      "version": "13.4.1",
      "resolved": "https://registry.npmjs.org/otplib/-/otplib-13.4.1.tgz",
      "integrity": "sha512-o5CxfDw6bh7hoDv0NUUIcc0RqzJ9ipfUrzeKheKJ+vs4rXZnDlA9n4a/7R1cDjpmLjKLix4BgNVRmoDkm5rLSQ==",
      "dev": true,
      "requires": {
        "@otplib/core": "13.4.1",
        "@otplib/hotp": "13.4.1",
        "@otplib/plugin-base32-scure": "13.4.1",
        "@otplib/plugin-crypto-noble": "13.4.1",
        "@otplib/totp": "13.4.1",
        "@otplib/uri": "13.4.1"
      }
    },
    "playwright": {
      "version": "1.60.0",
      "resolved": "https://registry.npmjs.org/playwright/-/playwright-1.60.0.tgz",
      "integrity": "sha512-hheHdokM8cdqCb0lcE3s+zT4t4W+vvjpGxsZlDnikarzx8tSzMebh3UiFtgqwFwnTnjYQcsyMF8ei2mCO/tpeA==",
      "dev": true,
      "requires": {
        "fsevents": "2.3.2",
        "playwright-core": "1.60.0"
      }
    },
    "playwright-core": {
      "version": "1.60.0",
      "resolved": "https://registry.npmjs.org/playwright-core/-/playwright-core-1.60.0.tgz",
      "integrity": "sha512-9bW6zvX/m0lEbgTKJ6YppOKx8H3VOPBMOCFh2irXFOT4BbHgrx5hPjwJYLT40Lu+4qtD36qKc/Hn56StUW57IA==",
      "dev": true
    },
    "properties": {
      "version": "1.2.1",
      "resolved": "https://registry.npmjs.org/properties/-/properties-1.2.1.tgz",
      "integrity": "sha1-Dul6f8AgsaKlW4ZZ7aSqjYaQlL0=",
      "dev": true
    },
    "uuid": {
      "version": "8.3.2",
      "resolved": "https://registry.npmjs.org/uuid/-/uuid-8.3.2.tgz",
      "integrity": "sha512-+NYs2QeMWy+GWFOEm9xnn6HCDp0l7QBD7ml8zLUmJ+93Q5NF0NocErnwkTkXVFNiX3/fpC6afS8Dhb/gz7R7eg==",
      "dev": true
    }
  }
}
